
Microsoft Visual Studio Solution File, Format Version 12.00
# Visual Studio 2017
Project("{FAE04EC0-301F-11D3-BF4B-00C04F79EFBC}") = "TinyCache", "TinyCache.csproj", "{050764D7-0E93-4909-B729-9F54C38D2EFB}"
EndProject
Global
	GlobalSection(SolutionConfigurationPlatforms) = preSolution
		Debug|Any CPU = Debug|Any CPU
		Release|Any CPU = Release|Any CPU
	EndGlobalSection
	GlobalSection(ProjectConfigurationPlatforms) = postSolution
		{050764D7-0E93-4909-B729-9F54C38D2EFB}.Debug|Any CPU.ActiveCfg = Debug|Any CPU
		{050764D7-0E93-4909-B729-9F54C38D2EFB}.Debug|Any CPU.Build.0 = Debug|Any CPU
		{050764D7-0E93-4909-B729-9F54C38D2EFB}.Release|Any CPU.ActiveCfg = Release|Any CPU
		{050764D7-0E93-4909-B729-9F54C38D2EFB}.Release|Any CPU.Build.0 = Release|Any CPU
	EndGlobalSection
EndGlobal
