
Microsoft Visual Studio Solution File, Format Version 12.00
# Visual Studio 2012
Project("{FAE04EC0-301F-11D3-BF4B-00C04F79EFBC}") = "TinyCache", "TinyCache\TinyCache.csproj", "{68B5BBBD-6C9B-4DFF-B5F2-3CAF43B1B1FA}"
EndProject
Project("{FAE04EC0-301F-11D3-BF4B-00C04F79EFBC}") = "TinyCache.Forms", "TinyCache.Forms\TinyCache.Forms.csproj", "{C81B99C0-BACA-4B65-A18D-76389F493353}"
EndProject
Project("{2150E333-8FDC-42A3-9474-1A3956D46DE8}") = "Samples", "Samples", "{F8948DAD-1D08-450B-BC11-49F2022E31A7}"
EndProject
Project("{2150E333-8FDC-42A3-9474-1A3956D46DE8}") = "Forms", "Forms", "{94889B01-47F7-4F8E-A618-B561EE1D18ED}"
EndProject
Project("{FAE04EC0-301F-11D3-BF4B-00C04F79EFBC}") = "gymlocator.Core", "samples\Forms\gymlocator.Core\gymlocator.Core.csproj", "{F4AD8131-C2CB-4803-B0DA-506B570060F1}"
EndProject
Project("{D954291E-2A0B-460D-934E-DC6B0785DB48}") = "gymlocator", "samples\Forms\gymlocator\gymlocator.shproj", "{293A3DE2-7FAC-481A-807E-FA71966F7C21}"
EndProject
Project("{FAE04EC0-301F-11D3-BF4B-00C04F79EFBC}") = "gymlocator.Droid", "samples\Forms\Droid\gymlocator.Droid.csproj", "{6A17746A-B011-4DC0-9FCA-5946CE652BFA}"
EndProject
Project("{FAE04EC0-301F-11D3-BF4B-00C04F79EFBC}") = "gymlocator.iOS", "samples\Forms\iOS\gymlocator.iOS.csproj", "{7FF44D3B-F7D7-4CD5-98D3-F5AC284807AF}"
EndProject
Project("{FAE04EC0-301F-11D3-BF4B-00C04F79EFBC}") = "TinyTranslations", "TinyTranslatons\TinyTranslations.csproj", "{399C3D72-15B5-4FB2-BD8E-B46CC2D67EE9}"
EndProject
Project("{FAE04EC0-301F-11D3-BF4B-00C04F79EFBC}") = "TinyTranslations.Forms", "TinyTranslations.Forms\TinyTranslations.Forms.csproj", "{3DF3984B-051B-448D-BB31-A1978C8F4E66}"
EndProject
Project("{FAE04EC0-301F-11D3-BF4B-00C04F79EFBC}") = "TinyCache.FileStorage", "TinyCache.FileStorage\TinyCache.FileStorage.csproj", "{D85A1E52-EC75-4664-AC7F-86F668C303EA}"
EndProject
Project("{D954291E-2A0B-460D-934E-DC6B0785DB48}") = "TinyControls.Drawer.Shared", "TinyControls.Drawer.Shared\TinyControls.Drawer.Shared.shproj", "{D4DE07D9-658B-4399-BA85-827A29F083ED}"
EndProject
Project("{FAE04EC0-301F-11D3-BF4B-00C04F79EFBC}") = "TinyControls.Drawer.iOS", "TinyControls.Drawer.iOS\TinyControls.Drawer.iOS.csproj", "{95B3D2D0-737F-4080-8563-825EFA7E27EF}"
EndProject
Project("{FAE04EC0-301F-11D3-BF4B-00C04F79EFBC}") = "TinyControls.Drawer.Android", "TinyControls.Drawer.Android\TinyControls.Drawer.Android.csproj", "{0497EACB-C129-438F-8DF9-9B100FD1EA44}"
EndProject
Project("{5DD5E4FA-CB73-4610-85AB-557B54E96AA9}") = "TinyControls.Drawer.NuGet", "TinyControls.Drawer.NuGet\TinyControls.Drawer.NuGet.nuproj", "{B45DDBCA-709E-4AE1-9554-53A74469E773}"
EndProject
Project("{2150E333-8FDC-42A3-9474-1A3956D46DE8}") = "TinyControls", "TinyControls", "{33786693-2C29-4A40-8E5D-60AC6A0E68A1}"
EndProject
Project("{FAE04EC0-301F-11D3-BF4B-00C04F79EFBC}") = "TinyCache.BlobCache", "TinyCache.BlobCache\TinyCache.BlobCache.csproj", "{9E28F75B-2CE2-47CB-8693-6DC8F6F6A1CB}"
EndProject
Global
	GlobalSection(SolutionConfigurationPlatforms) = preSolution
		Debug|iPhoneSimulator = Debug|iPhoneSimulator
		Release|iPhone = Release|iPhone
		Release|iPhoneSimulator = Release|iPhoneSimulator
		Debug|iPhone = Debug|iPhone
		Debug|Any CPU = Debug|Any CPU
		Release|Any CPU = Release|Any CPU
	EndGlobalSection
	GlobalSection(ProjectConfigurationPlatforms) = postSolution
		{68B5BBBD-6C9B-4DFF-B5F2-3CAF43B1B1FA}.Debug|iPhoneSimulator.ActiveCfg = Debug|Any CPU
		{68B5BBBD-6C9B-4DFF-B5F2-3CAF43B1B1FA}.Debug|iPhoneSimulator.Build.0 = Debug|Any CPU
		{68B5BBBD-6C9B-4DFF-B5F2-3CAF43B1B1FA}.Release|iPhone.ActiveCfg = Release|Any CPU
		{68B5BBBD-6C9B-4DFF-B5F2-3CAF43B1B1FA}.Release|iPhone.Build.0 = Release|Any CPU
		{68B5BBBD-6C9B-4DFF-B5F2-3CAF43B1B1FA}.Release|iPhoneSimulator.ActiveCfg = Release|Any CPU
		{68B5BBBD-6C9B-4DFF-B5F2-3CAF43B1B1FA}.Release|iPhoneSimulator.Build.0 = Release|Any CPU
		{68B5BBBD-6C9B-4DFF-B5F2-3CAF43B1B1FA}.Debug|iPhone.ActiveCfg = Debug|Any CPU
		{68B5BBBD-6C9B-4DFF-B5F2-3CAF43B1B1FA}.Debug|iPhone.Build.0 = Debug|Any CPU
		{68B5BBBD-6C9B-4DFF-B5F2-3CAF43B1B1FA}.Debug|Any CPU.ActiveCfg = Debug|Any CPU
		{68B5BBBD-6C9B-4DFF-B5F2-3CAF43B1B1FA}.Debug|Any CPU.Build.0 = Debug|Any CPU
		{68B5BBBD-6C9B-4DFF-B5F2-3CAF43B1B1FA}.Release|Any CPU.ActiveCfg = Release|Any CPU
		{68B5BBBD-6C9B-4DFF-B5F2-3CAF43B1B1FA}.Release|Any CPU.Build.0 = Release|Any CPU
		{C81B99C0-BACA-4B65-A18D-76389F493353}.Debug|iPhoneSimulator.ActiveCfg = Debug|Any CPU
		{C81B99C0-BACA-4B65-A18D-76389F493353}.Debug|iPhoneSimulator.Build.0 = Debug|Any CPU
		{C81B99C0-BACA-4B65-A18D-76389F493353}.Release|iPhone.ActiveCfg = Release|Any CPU
		{C81B99C0-BACA-4B65-A18D-76389F493353}.Release|iPhone.Build.0 = Release|Any CPU
		{C81B99C0-BACA-4B65-A18D-76389F493353}.Release|iPhoneSimulator.ActiveCfg = Release|Any CPU
		{C81B99C0-BACA-4B65-A18D-76389F493353}.Release|iPhoneSimulator.Build.0 = Release|Any CPU
		{C81B99C0-BACA-4B65-A18D-76389F493353}.Debug|iPhone.ActiveCfg = Debug|Any CPU
		{C81B99C0-BACA-4B65-A18D-76389F493353}.Debug|iPhone.Build.0 = Debug|Any CPU
		{C81B99C0-BACA-4B65-A18D-76389F493353}.Debug|Any CPU.ActiveCfg = Debug|Any CPU
		{C81B99C0-BACA-4B65-A18D-76389F493353}.Debug|Any CPU.Build.0 = Debug|Any CPU
		{C81B99C0-BACA-4B65-A18D-76389F493353}.Release|Any CPU.ActiveCfg = Release|Any CPU
		{C81B99C0-BACA-4B65-A18D-76389F493353}.Release|Any CPU.Build.0 = Release|Any CPU
		{F4AD8131-C2CB-4803-B0DA-506B570060F1}.Debug|iPhoneSimulator.ActiveCfg = Debug|Any CPU
		{F4AD8131-C2CB-4803-B0DA-506B570060F1}.Debug|iPhoneSimulator.Build.0 = Debug|Any CPU
		{F4AD8131-C2CB-4803-B0DA-506B570060F1}.Release|iPhone.ActiveCfg = Release|Any CPU
		{F4AD8131-C2CB-4803-B0DA-506B570060F1}.Release|iPhone.Build.0 = Release|Any CPU
		{F4AD8131-C2CB-4803-B0DA-506B570060F1}.Release|iPhoneSimulator.ActiveCfg = Release|Any CPU
		{F4AD8131-C2CB-4803-B0DA-506B570060F1}.Release|iPhoneSimulator.Build.0 = Release|Any CPU
		{F4AD8131-C2CB-4803-B0DA-506B570060F1}.Debug|iPhone.ActiveCfg = Debug|Any CPU
		{F4AD8131-C2CB-4803-B0DA-506B570060F1}.Debug|iPhone.Build.0 = Debug|Any CPU
		{F4AD8131-C2CB-4803-B0DA-506B570060F1}.Debug|Any CPU.ActiveCfg = Debug|Any CPU
		{F4AD8131-C2CB-4803-B0DA-506B570060F1}.Debug|Any CPU.Build.0 = Debug|Any CPU
		{F4AD8131-C2CB-4803-B0DA-506B570060F1}.Release|Any CPU.ActiveCfg = Release|Any CPU
		{F4AD8131-C2CB-4803-B0DA-506B570060F1}.Release|Any CPU.Build.0 = Release|Any CPU
		{6A17746A-B011-4DC0-9FCA-5946CE652BFA}.Debug|iPhoneSimulator.ActiveCfg = Debug|Any CPU
		{6A17746A-B011-4DC0-9FCA-5946CE652BFA}.Debug|iPhoneSimulator.Build.0 = Debug|Any CPU
		{6A17746A-B011-4DC0-9FCA-5946CE652BFA}.Release|iPhone.ActiveCfg = Release|Any CPU
		{6A17746A-B011-4DC0-9FCA-5946CE652BFA}.Release|iPhone.Build.0 = Release|Any CPU
		{6A17746A-B011-4DC0-9FCA-5946CE652BFA}.Release|iPhoneSimulator.ActiveCfg = Release|Any CPU
		{6A17746A-B011-4DC0-9FCA-5946CE652BFA}.Release|iPhoneSimulator.Build.0 = Release|Any CPU
		{6A17746A-B011-4DC0-9FCA-5946CE652BFA}.Debug|iPhone.ActiveCfg = Debug|Any CPU
		{6A17746A-B011-4DC0-9FCA-5946CE652BFA}.Debug|iPhone.Build.0 = Debug|Any CPU
		{6A17746A-B011-4DC0-9FCA-5946CE652BFA}.Debug|Any CPU.ActiveCfg = Debug|Any CPU
		{6A17746A-B011-4DC0-9FCA-5946CE652BFA}.Debug|Any CPU.Build.0 = Debug|Any CPU
		{6A17746A-B011-4DC0-9FCA-5946CE652BFA}.Release|Any CPU.ActiveCfg = Release|Any CPU
		{6A17746A-B011-4DC0-9FCA-5946CE652BFA}.Release|Any CPU.Build.0 = Release|Any CPU
		{7FF44D3B-F7D7-4CD5-98D3-F5AC284807AF}.Debug|iPhoneSimulator.ActiveCfg = Debug|iPhoneSimulator
		{7FF44D3B-F7D7-4CD5-98D3-F5AC284807AF}.Debug|iPhoneSimulator.Build.0 = Debug|iPhoneSimulator
		{7FF44D3B-F7D7-4CD5-98D3-F5AC284807AF}.Release|iPhone.ActiveCfg = Release|iPhone
		{7FF44D3B-F7D7-4CD5-98D3-F5AC284807AF}.Release|iPhone.Build.0 = Release|iPhone
		{7FF44D3B-F7D7-4CD5-98D3-F5AC284807AF}.Release|iPhoneSimulator.ActiveCfg = Release|iPhoneSimulator
		{7FF44D3B-F7D7-4CD5-98D3-F5AC284807AF}.Release|iPhoneSimulator.Build.0 = Release|iPhoneSimulator
		{7FF44D3B-F7D7-4CD5-98D3-F5AC284807AF}.Debug|iPhone.ActiveCfg = Debug|iPhone
		{7FF44D3B-F7D7-4CD5-98D3-F5AC284807AF}.Debug|iPhone.Build.0 = Debug|iPhone
		{7FF44D3B-F7D7-4CD5-98D3-F5AC284807AF}.Debug|Any CPU.ActiveCfg = Debug|iPhoneSimulator
		{7FF44D3B-F7D7-4CD5-98D3-F5AC284807AF}.Debug|Any CPU.Build.0 = Debug|iPhoneSimulator
		{7FF44D3B-F7D7-4CD5-98D3-F5AC284807AF}.Release|Any CPU.ActiveCfg = Release|iPhone
		{7FF44D3B-F7D7-4CD5-98D3-F5AC284807AF}.Release|Any CPU.Build.0 = Release|iPhone
		{399C3D72-15B5-4FB2-BD8E-B46CC2D67EE9}.Debug|iPhoneSimulator.ActiveCfg = Debug|Any CPU
		{399C3D72-15B5-4FB2-BD8E-B46CC2D67EE9}.Debug|iPhoneSimulator.Build.0 = Debug|Any CPU
		{399C3D72-15B5-4FB2-BD8E-B46CC2D67EE9}.Release|iPhone.ActiveCfg = Release|Any CPU
		{399C3D72-15B5-4FB2-BD8E-B46CC2D67EE9}.Release|iPhone.Build.0 = Release|Any CPU
		{399C3D72-15B5-4FB2-BD8E-B46CC2D67EE9}.Release|iPhoneSimulator.ActiveCfg = Release|Any CPU
		{399C3D72-15B5-4FB2-BD8E-B46CC2D67EE9}.Release|iPhoneSimulator.Build.0 = Release|Any CPU
		{399C3D72-15B5-4FB2-BD8E-B46CC2D67EE9}.Debug|iPhone.ActiveCfg = Debug|Any CPU
		{399C3D72-15B5-4FB2-BD8E-B46CC2D67EE9}.Debug|iPhone.Build.0 = Debug|Any CPU
		{399C3D72-15B5-4FB2-BD8E-B46CC2D67EE9}.Debug|Any CPU.ActiveCfg = Debug|Any CPU
		{399C3D72-15B5-4FB2-BD8E-B46CC2D67EE9}.Debug|Any CPU.Build.0 = Debug|Any CPU
		{399C3D72-15B5-4FB2-BD8E-B46CC2D67EE9}.Release|Any CPU.ActiveCfg = Release|Any CPU
		{399C3D72-15B5-4FB2-BD8E-B46CC2D67EE9}.Release|Any CPU.Build.0 = Release|Any CPU
		{3DF3984B-051B-448D-BB31-A1978C8F4E66}.Debug|iPhoneSimulator.ActiveCfg = Debug|Any CPU
		{3DF3984B-051B-448D-BB31-A1978C8F4E66}.Debug|iPhoneSimulator.Build.0 = Debug|Any CPU
		{3DF3984B-051B-448D-BB31-A1978C8F4E66}.Release|iPhone.ActiveCfg = Release|Any CPU
		{3DF3984B-051B-448D-BB31-A1978C8F4E66}.Release|iPhone.Build.0 = Release|Any CPU
		{3DF3984B-051B-448D-BB31-A1978C8F4E66}.Release|iPhoneSimulator.ActiveCfg = Release|Any CPU
		{3DF3984B-051B-448D-BB31-A1978C8F4E66}.Release|iPhoneSimulator.Build.0 = Release|Any CPU
		{3DF3984B-051B-448D-BB31-A1978C8F4E66}.Debug|iPhone.ActiveCfg = Debug|Any CPU
		{3DF3984B-051B-448D-BB31-A1978C8F4E66}.Debug|iPhone.Build.0 = Debug|Any CPU
		{3DF3984B-051B-448D-BB31-A1978C8F4E66}.Debug|Any CPU.ActiveCfg = Debug|Any CPU
		{3DF3984B-051B-448D-BB31-A1978C8F4E66}.Debug|Any CPU.Build.0 = Debug|Any CPU
		{3DF3984B-051B-448D-BB31-A1978C8F4E66}.Release|Any CPU.ActiveCfg = Release|Any CPU
		{3DF3984B-051B-448D-BB31-A1978C8F4E66}.Release|Any CPU.Build.0 = Release|Any CPU
		{D85A1E52-EC75-4664-AC7F-86F668C303EA}.Debug|iPhoneSimulator.ActiveCfg = Debug|Any CPU
		{D85A1E52-EC75-4664-AC7F-86F668C303EA}.Debug|iPhoneSimulator.Build.0 = Debug|Any CPU
		{D85A1E52-EC75-4664-AC7F-86F668C303EA}.Release|iPhone.ActiveCfg = Release|Any CPU
		{D85A1E52-EC75-4664-AC7F-86F668C303EA}.Release|iPhone.Build.0 = Release|Any CPU
		{D85A1E52-EC75-4664-AC7F-86F668C303EA}.Release|iPhoneSimulator.ActiveCfg = Release|Any CPU
		{D85A1E52-EC75-4664-AC7F-86F668C303EA}.Release|iPhoneSimulator.Build.0 = Release|Any CPU
		{D85A1E52-EC75-4664-AC7F-86F668C303EA}.Debug|iPhone.ActiveCfg = Debug|Any CPU
		{D85A1E52-EC75-4664-AC7F-86F668C303EA}.Debug|iPhone.Build.0 = Debug|Any CPU
		{D85A1E52-EC75-4664-AC7F-86F668C303EA}.Debug|Any CPU.ActiveCfg = Debug|Any CPU
		{D85A1E52-EC75-4664-AC7F-86F668C303EA}.Debug|Any CPU.Build.0 = Debug|Any CPU
		{D85A1E52-EC75-4664-AC7F-86F668C303EA}.Release|Any CPU.ActiveCfg = Release|Any CPU
		{D85A1E52-EC75-4664-AC7F-86F668C303EA}.Release|Any CPU.Build.0 = Release|Any CPU
		{95B3D2D0-737F-4080-8563-825EFA7E27EF}.Debug|iPhoneSimulator.ActiveCfg = Debug|Any CPU
		{95B3D2D0-737F-4080-8563-825EFA7E27EF}.Debug|iPhoneSimulator.Build.0 = Debug|Any CPU
		{95B3D2D0-737F-4080-8563-825EFA7E27EF}.Release|iPhone.ActiveCfg = Release|Any CPU
		{95B3D2D0-737F-4080-8563-825EFA7E27EF}.Release|iPhone.Build.0 = Release|Any CPU
		{95B3D2D0-737F-4080-8563-825EFA7E27EF}.Release|iPhoneSimulator.ActiveCfg = Release|Any CPU
		{95B3D2D0-737F-4080-8563-825EFA7E27EF}.Release|iPhoneSimulator.Build.0 = Release|Any CPU
		{95B3D2D0-737F-4080-8563-825EFA7E27EF}.Debug|iPhone.ActiveCfg = Debug|Any CPU
		{95B3D2D0-737F-4080-8563-825EFA7E27EF}.Debug|iPhone.Build.0 = Debug|Any CPU
		{95B3D2D0-737F-4080-8563-825EFA7E27EF}.Debug|Any CPU.ActiveCfg = Debug|Any CPU
		{95B3D2D0-737F-4080-8563-825EFA7E27EF}.Debug|Any CPU.Build.0 = Debug|Any CPU
		{95B3D2D0-737F-4080-8563-825EFA7E27EF}.Release|Any CPU.ActiveCfg = Release|Any CPU
		{95B3D2D0-737F-4080-8563-825EFA7E27EF}.Release|Any CPU.Build.0 = Release|Any CPU
		{0497EACB-C129-438F-8DF9-9B100FD1EA44}.Debug|iPhoneSimulator.ActiveCfg = Debug|Any CPU
		{0497EACB-C129-438F-8DF9-9B100FD1EA44}.Debug|iPhoneSimulator.Build.0 = Debug|Any CPU
		{0497EACB-C129-438F-8DF9-9B100FD1EA44}.Release|iPhone.ActiveCfg = Release|Any CPU
		{0497EACB-C129-438F-8DF9-9B100FD1EA44}.Release|iPhone.Build.0 = Release|Any CPU
		{0497EACB-C129-438F-8DF9-9B100FD1EA44}.Release|iPhoneSimulator.ActiveCfg = Release|Any CPU
		{0497EACB-C129-438F-8DF9-9B100FD1EA44}.Release|iPhoneSimulator.Build.0 = Release|Any CPU
		{0497EACB-C129-438F-8DF9-9B100FD1EA44}.Debug|iPhone.ActiveCfg = Debug|Any CPU
		{0497EACB-C129-438F-8DF9-9B100FD1EA44}.Debug|iPhone.Build.0 = Debug|Any CPU
		{0497EACB-C129-438F-8DF9-9B100FD1EA44}.Debug|Any CPU.ActiveCfg = Debug|Any CPU
		{0497EACB-C129-438F-8DF9-9B100FD1EA44}.Debug|Any CPU.Build.0 = Debug|Any CPU
		{0497EACB-C129-438F-8DF9-9B100FD1EA44}.Release|Any CPU.ActiveCfg = Release|Any CPU
		{0497EACB-C129-438F-8DF9-9B100FD1EA44}.Release|Any CPU.Build.0 = Release|Any CPU
		{B45DDBCA-709E-4AE1-9554-53A74469E773}.Debug|iPhoneSimulator.ActiveCfg = Debug|Any CPU
		{B45DDBCA-709E-4AE1-9554-53A74469E773}.Debug|iPhoneSimulator.Build.0 = Debug|Any CPU
		{B45DDBCA-709E-4AE1-9554-53A74469E773}.Release|iPhone.ActiveCfg = Release|Any CPU
		{B45DDBCA-709E-4AE1-9554-53A74469E773}.Release|iPhone.Build.0 = Release|Any CPU
		{B45DDBCA-709E-4AE1-9554-53A74469E773}.Release|iPhoneSimulator.ActiveCfg = Release|Any CPU
		{B45DDBCA-709E-4AE1-9554-53A74469E773}.Release|iPhoneSimulator.Build.0 = Release|Any CPU
		{B45DDBCA-709E-4AE1-9554-53A74469E773}.Debug|iPhone.ActiveCfg = Debug|Any CPU
		{B45DDBCA-709E-4AE1-9554-53A74469E773}.Debug|iPhone.Build.0 = Debug|Any CPU
		{B45DDBCA-709E-4AE1-9554-53A74469E773}.Debug|Any CPU.ActiveCfg = Debug|Any CPU
		{B45DDBCA-709E-4AE1-9554-53A74469E773}.Debug|Any CPU.Build.0 = Debug|Any CPU
		{B45DDBCA-709E-4AE1-9554-53A74469E773}.Release|Any CPU.ActiveCfg = Release|Any CPU
		{B45DDBCA-709E-4AE1-9554-53A74469E773}.Release|Any CPU.Build.0 = Release|Any CPU
		{9E28F75B-2CE2-47CB-8693-6DC8F6F6A1CB}.Debug|iPhoneSimulator.ActiveCfg = Debug|Any CPU
		{9E28F75B-2CE2-47CB-8693-6DC8F6F6A1CB}.Debug|iPhoneSimulator.Build.0 = Debug|Any CPU
		{9E28F75B-2CE2-47CB-8693-6DC8F6F6A1CB}.Release|iPhone.ActiveCfg = Release|Any CPU
		{9E28F75B-2CE2-47CB-8693-6DC8F6F6A1CB}.Release|iPhone.Build.0 = Release|Any CPU
		{9E28F75B-2CE2-47CB-8693-6DC8F6F6A1CB}.Release|iPhoneSimulator.ActiveCfg = Release|Any CPU
		{9E28F75B-2CE2-47CB-8693-6DC8F6F6A1CB}.Release|iPhoneSimulator.Build.0 = Release|Any CPU
		{9E28F75B-2CE2-47CB-8693-6DC8F6F6A1CB}.Debug|iPhone.ActiveCfg = Debug|Any CPU
		{9E28F75B-2CE2-47CB-8693-6DC8F6F6A1CB}.Debug|iPhone.Build.0 = Debug|Any CPU
		{9E28F75B-2CE2-47CB-8693-6DC8F6F6A1CB}.Debug|Any CPU.ActiveCfg = Debug|Any CPU
		{9E28F75B-2CE2-47CB-8693-6DC8F6F6A1CB}.Debug|Any CPU.Build.0 = Debug|Any CPU
		{9E28F75B-2CE2-47CB-8693-6DC8F6F6A1CB}.Release|Any CPU.ActiveCfg = Release|Any CPU
		{9E28F75B-2CE2-47CB-8693-6DC8F6F6A1CB}.Release|Any CPU.Build.0 = Release|Any CPU
	EndGlobalSection
	GlobalSection(NestedProjects) = preSolution
		{94889B01-47F7-4F8E-A618-B561EE1D18ED} = {F8948DAD-1D08-450B-BC11-49F2022E31A7}
		{F4AD8131-C2CB-4803-B0DA-506B570060F1} = {94889B01-47F7-4F8E-A618-B561EE1D18ED}
		{293A3DE2-7FAC-481A-807E-FA71966F7C21} = {94889B01-47F7-4F8E-A618-B561EE1D18ED}
		{6A17746A-B011-4DC0-9FCA-5946CE652BFA} = {94889B01-47F7-4F8E-A618-B561EE1D18ED}
		{7FF44D3B-F7D7-4CD5-98D3-F5AC284807AF} = {94889B01-47F7-4F8E-A618-B561EE1D18ED}
		{0497EACB-C129-438F-8DF9-9B100FD1EA44} = {33786693-2C29-4A40-8E5D-60AC6A0E68A1}
		{95B3D2D0-737F-4080-8563-825EFA7E27EF} = {33786693-2C29-4A40-8E5D-60AC6A0E68A1}
		{B45DDBCA-709E-4AE1-9554-53A74469E773} = {33786693-2C29-4A40-8E5D-60AC6A0E68A1}
		{D4DE07D9-658B-4399-BA85-827A29F083ED} = {33786693-2C29-4A40-8E5D-60AC6A0E68A1}
	EndGlobalSection
EndGlobal
